
Microsoft Visual Studio Solution File, Format Version 11.00
# Visual Studio 2010
Project("{FAE04EC0-301F-11D3-BF4B-00C04F79EFBC}") = "WCFDemo", "WCFDemo\WCFDemo.csproj", "{F56CB16C-BFF4-4D39-BD7F-7A14491D7759}"
EndProject
Global
	GlobalSection(SolutionConfigurationPlatforms) = preSolution
		Debug|Any CPU = Debug|Any CPU
		Release|Any CPU = Release|Any CPU
	EndGlobalSection
	GlobalSection(ProjectConfigurationPlatforms) = postSolution
		{F56CB16C-BFF4-4D39-BD7F-7A14491D7759}.Debug|Any CPU.ActiveCfg = Debug|Any CPU
		{F56CB16C-BFF4-4D39-BD7F-7A14491D7759}.Debug|Any CPU.Build.0 = Debug|Any CPU
		{F56CB16C-BFF4-4D39-BD7F-7A14491D7759}.Release|Any CPU.ActiveCfg = Release|Any CPU
		{F56CB16C-BFF4-4D39-BD7F-7A14491D7759}.Release|Any CPU.Build.0 = Release|Any CPU
	EndGlobalSection
	GlobalSection(SolutionProperties) = preSolution
		HideSolutionNode = FALSE
	EndGlobalSection
EndGlobal
